{
  "name": "@workspace/tailwind-config",
  "version": "0.0.0",
  "lockfileVersion": 3,
  "requires": true,
  "packages": {
    "": {
      "name": "@workspace/tailwind-config",
      "version": "0.0.0",
      "devDependencies": {
        "postcss": "^8.5.6",
        "tailwindcss": "^4.1.11",
        "tw-animate-css": "^1.3.6"
      }
    },
    "../../node_modules/.pnpm/postcss@8.5.6/node_modules/postcss": {
      "version": "8.5.6",
      "dev": true,
      "funding": [
        {
          "type": "opencollective",
          "url": "https://opencollective.com/postcss/"
        },
        {
          "type": "tidelift",
          "url": "https://tidelift.com/funding/github/npm/postcss"
        },
        {
          "type": "github",
          "url": "https://github.com/sponsors/ai"
        }
      ],
      "license": "MIT",
      "dependencies": {
        "nanoid": "^3.3.11",
        "picocolors": "^1.1.1",
        "source-map-js": "^1.2.1"
      },
      "engines": {
        "node": "^10 || ^12 || >=14"
      }
    },
    "../../node_modules/.pnpm/tailwindcss@4.1.11/node_modules/tailwindcss": {
      "version": "4.1.11",
      "dev": true,
      "license": "MIT",
      "devDependencies": {
        "@ampproject/remapping": "^2.3.0",
        "@tailwindcss/oxide": "^4.1.11",
        "@types/node": "^20.19.0",
        "dedent": "1.6.0",
        "lightningcss": "1.30.1",
        "magic-string": "^0.30.17",
        "source-map-js": "^1.2.1"
      }
    },
    "node_modules/postcss": {
      "resolved": "../../node_modules/.pnpm/postcss@8.5.6/node_modules/postcss",
      "link": true
    },
    "node_modules/tailwindcss": {
      "resolved": "../../node_modules/.pnpm/tailwindcss@4.1.11/node_modules/tailwindcss",
      "link": true
    },
    "node_modules/tw-animate-css": {
      "version": "1.3.6",
      "resolved": "https://registry.npmjs.org/tw-animate-css/-/tw-animate-css-1.3.6.tgz",
      "integrity": "sha512-9dy0R9UsYEGmgf26L8UcHiLmSFTHa9+D7+dAt/G/sF5dCnPePZbfgDYinc7/UzAM7g/baVrmS6m9yEpU46d+LA==",
      "dev": true,
      "license": "MIT",
      "funding": {
        "url": "https://github.com/sponsors/Wombosvideo"
      }
    }
  }
}
